schema: '2.0'
stages:
  train_model:
    cmd: python train.py
    deps:
    - path: data/iris.csv
      hash: md5
      md5: 7b9fa87bb5effc5e5aa49271c7f73267
      size: 5071
    - path: train.py
      hash: md5
      md5: da3589e81ba8c991e98078dcc711042f
      size: 1895
    outs:
    - path: model.pkl
      hash: md5
      md5: 0d0f9112887c1bf9fea795654a02cf35
      size: 109952
