schema: '2.0'
stages:
  train_model:
    cmd: python train.py
    deps:
    - path: data/iris.csv
      hash: md5
      md5: 717820ef0af287ff346c5cabfb4c612c
      size: 5107
    - path: train.py
      hash: md5
      md5: da3589e81ba8c991e98078dcc711042f
      size: 1895
    outs:
    - path: model.pkl
      hash: md5
      md5: cda50587418ad3e78342db2f4849a93d
      size: 94765
